
Microsoft Visual Studio Solution File, Format Version 12.00
# Visual Studio Version 16
VisualStudioVersion = 16.0.30804.86
MinimumVisualStudioVersion = 10.0.40219.1
Project("{FAE04EC0-301F-11D3-BF4B-00C04F79EFBC}") = "ModelCheckService", "ModelCheckService\ModelCheckService.csproj", "{12FDC25A-0CE2-4F44-A8C6-495B05967711}"
EndProject
Project("{FAE04EC0-301F-11D3-BF4B-00C04F79EFBC}") = "ModelCheckAPI", "ModelCheckAPI\ModelCheckAPI.csproj", "{92532063-87F5-4D50-A563-3049F244E4CE}"
EndProject
Project("{FAE04EC0-301F-11D3-BF4B-00C04F79EFBC}") = "ModelCheckPackage", "ModelCheckPackage\ModelCheckPackage.csproj", "{E5119CD6-C4A9-4834-B857-29D412C01F86}"
EndProject
Global
	GlobalSection(SolutionConfigurationPlatforms) = preSolution
		Debug|Any CPU = Debug|Any CPU
		Release|Any CPU = Release|Any CPU
	EndGlobalSection
	GlobalSection(ProjectConfigurationPlatforms) = postSolution
		{12FDC25A-0CE2-4F44-A8C6-495B05967711}.Debug|Any CPU.ActiveCfg = Debug|Any CPU
		{12FDC25A-0CE2-4F44-A8C6-495B05967711}.Debug|Any CPU.Build.0 = Debug|Any CPU
		{12FDC25A-0CE2-4F44-A8C6-495B05967711}.Release|Any CPU.ActiveCfg = Release|Any CPU
		{12FDC25A-0CE2-4F44-A8C6-495B05967711}.Release|Any CPU.Build.0 = Release|Any CPU
		{92532063-87F5-4D50-A563-3049F244E4CE}.Debug|Any CPU.ActiveCfg = Debug|Any CPU
		{92532063-87F5-4D50-A563-3049F244E4CE}.Debug|Any CPU.Build.0 = Debug|Any CPU
		{92532063-87F5-4D50-A563-3049F244E4CE}.Release|Any CPU.ActiveCfg = Release|Any CPU
		{92532063-87F5-4D50-A563-3049F244E4CE}.Release|Any CPU.Build.0 = Release|Any CPU
		{E5119CD6-C4A9-4834-B857-29D412C01F86}.Debug|Any CPU.ActiveCfg = Debug|Any CPU
		{E5119CD6-C4A9-4834-B857-29D412C01F86}.Debug|Any CPU.Build.0 = Debug|Any CPU
		{E5119CD6-C4A9-4834-B857-29D412C01F86}.Release|Any CPU.ActiveCfg = Release|Any CPU
		{E5119CD6-C4A9-4834-B857-29D412C01F86}.Release|Any CPU.Build.0 = Release|Any CPU
	EndGlobalSection
	GlobalSection(SolutionProperties) = preSolution
		HideSolutionNode = FALSE
	EndGlobalSection
	GlobalSection(ExtensibilityGlobals) = postSolution
		SolutionGuid = {2DE880DD-3359-4838-B480-EE9266380C20}
	EndGlobalSection
EndGlobal
