
Microsoft Visual Studio Solution File, Format Version 12.00
# Visual Studio Version 16
VisualStudioVersion = 16.0.30128.74
MinimumVisualStudioVersion = 10.0.40219.1
Project("{FAE04EC0-301F-11D3-BF4B-00C04F79EFBC}") = "DBMS", "DBMS\DBMS.csproj", "{2567D0BB-2156-4721-BBC2-DD8EADF6540B}"
EndProject
Project("{FAE04EC0-301F-11D3-BF4B-00C04F79EFBC}") = "DbmsApi", "DbmsApi\DbmsApi.csproj", "{79B59851-64EE-4388-A904-0921CF334E2F}"
EndProject
Global
	GlobalSection(SolutionConfigurationPlatforms) = preSolution
		Debug|Any CPU = Debug|Any CPU
		Release|Any CPU = Release|Any CPU
	EndGlobalSection
	GlobalSection(ProjectConfigurationPlatforms) = postSolution
		{2567D0BB-2156-4721-BBC2-DD8EADF6540B}.Debug|Any CPU.ActiveCfg = Debug|Any CPU
		{2567D0BB-2156-4721-BBC2-DD8EADF6540B}.Debug|Any CPU.Build.0 = Debug|Any CPU
		{2567D0BB-2156-4721-BBC2-DD8EADF6540B}.Release|Any CPU.ActiveCfg = Release|Any CPU
		{2567D0BB-2156-4721-BBC2-DD8EADF6540B}.Release|Any CPU.Build.0 = Release|Any CPU
		{79B59851-64EE-4388-A904-0921CF334E2F}.Debug|Any CPU.ActiveCfg = Debug|Any CPU
		{79B59851-64EE-4388-A904-0921CF334E2F}.Debug|Any CPU.Build.0 = Debug|Any CPU
		{79B59851-64EE-4388-A904-0921CF334E2F}.Release|Any CPU.ActiveCfg = Release|Any CPU
		{79B59851-64EE-4388-A904-0921CF334E2F}.Release|Any CPU.Build.0 = Release|Any CPU
	EndGlobalSection
	GlobalSection(SolutionProperties) = preSolution
		HideSolutionNode = FALSE
	EndGlobalSection
	GlobalSection(ExtensibilityGlobals) = postSolution
		SolutionGuid = {27858417-1E3D-46B1-8600-D17097CEAC80}
	EndGlobalSection
EndGlobal
