
Microsoft Visual Studio Solution File, Format Version 12.00
# Visual Studio Version 16
VisualStudioVersion = 16.0.29926.136
MinimumVisualStudioVersion = 10.0.40219.1
Project("{FAE04EC0-301F-11D3-BF4B-00C04F79EFBC}") = "MathPackage", "MathPackage\MathPackage.csproj", "{0C409F93-C5DB-4B60-86F3-473453BFE014}"
EndProject
Global
	GlobalSection(SolutionConfigurationPlatforms) = preSolution
		Debug|Any CPU = Debug|Any CPU
		Release|Any CPU = Release|Any CPU
	EndGlobalSection
	GlobalSection(ProjectConfigurationPlatforms) = postSolution
		{0C409F93-C5DB-4B60-86F3-473453BFE014}.Debug|Any CPU.ActiveCfg = Debug|Any CPU
		{0C409F93-C5DB-4B60-86F3-473453BFE014}.Debug|Any CPU.Build.0 = Debug|Any CPU
		{0C409F93-C5DB-4B60-86F3-473453BFE014}.Release|Any CPU.ActiveCfg = Release|Any CPU
		{0C409F93-C5DB-4B60-86F3-473453BFE014}.Release|Any CPU.Build.0 = Release|Any CPU
	EndGlobalSection
	GlobalSection(SolutionProperties) = preSolution
		HideSolutionNode = FALSE
	EndGlobalSection
	GlobalSection(ExtensibilityGlobals) = postSolution
		SolutionGuid = {7ACC527C-B55B-490C-82EF-1620A8A4C9D1}
	EndGlobalSection
EndGlobal
