
Microsoft Visual Studio Solution File, Format Version 12.00
# Visual Studio Version 16
VisualStudioVersion = 16.0.30406.217
MinimumVisualStudioVersion = 10.0.40219.1
Project("{FAE04EC0-301F-11D3-BF4B-00C04F79EFBC}") = "RuleAPI", "RuleAPI\RuleAPI.csproj", "{3820E1AB-860B-43A6-A0D5-DD3083192AD3}"
EndProject
Project("{FAE04EC0-301F-11D3-BF4B-00C04F79EFBC}") = "RMS", "RMS\RMS.csproj", "{96CEDBF7-9C7B-40C4-8950-DEDC8808E6A9}"
EndProject
Global
	GlobalSection(SolutionConfigurationPlatforms) = preSolution
		Debug|Any CPU = Debug|Any CPU
		Release|Any CPU = Release|Any CPU
	EndGlobalSection
	GlobalSection(ProjectConfigurationPlatforms) = postSolution
		{3820E1AB-860B-43A6-A0D5-DD3083192AD3}.Debug|Any CPU.ActiveCfg = Debug|Any CPU
		{3820E1AB-860B-43A6-A0D5-DD3083192AD3}.Debug|Any CPU.Build.0 = Debug|Any CPU
		{3820E1AB-860B-43A6-A0D5-DD3083192AD3}.Release|Any CPU.ActiveCfg = Release|Any CPU
		{3820E1AB-860B-43A6-A0D5-DD3083192AD3}.Release|Any CPU.Build.0 = Release|Any CPU
		{96CEDBF7-9C7B-40C4-8950-DEDC8808E6A9}.Debug|Any CPU.ActiveCfg = Debug|Any CPU
		{96CEDBF7-9C7B-40C4-8950-DEDC8808E6A9}.Debug|Any CPU.Build.0 = Debug|Any CPU
		{96CEDBF7-9C7B-40C4-8950-DEDC8808E6A9}.Release|Any CPU.ActiveCfg = Release|Any CPU
		{96CEDBF7-9C7B-40C4-8950-DEDC8808E6A9}.Release|Any CPU.Build.0 = Release|Any CPU
	EndGlobalSection
	GlobalSection(SolutionProperties) = preSolution
		HideSolutionNode = FALSE
	EndGlobalSection
	GlobalSection(ExtensibilityGlobals) = postSolution
		SolutionGuid = {5C2CE886-6180-483A-A67E-679741CD8060}
	EndGlobalSection
EndGlobal
