
Microsoft Visual Studio Solution File, Format Version 12.00
# Visual Studio Version 16
VisualStudioVersion = 16.0.29926.136
MinimumVisualStudioVersion = 10.0.40219.1
Project("{FAE04EC0-301F-11D3-BF4B-00C04F79EFBC}") = "ModelConverter", "ModelConverter\ModelConverter.csproj", "{79A520BA-1EF8-4CBE-B45A-205CC70C7AA2}"
EndProject
Project("{FAE04EC0-301F-11D3-BF4B-00C04F79EFBC}") = "ModelContvertApp", "ModelContertApp\ModelContvertApp.csproj", "{2FF70AB9-3822-47D9-968B-EE247260D032}"
EndProject
Global
	GlobalSection(SolutionConfigurationPlatforms) = preSolution
		Debug|Any CPU = Debug|Any CPU
		Release|Any CPU = Release|Any CPU
	EndGlobalSection
	GlobalSection(ProjectConfigurationPlatforms) = postSolution
		{79A520BA-1EF8-4CBE-B45A-205CC70C7AA2}.Debug|Any CPU.ActiveCfg = Debug|Any CPU
		{79A520BA-1EF8-4CBE-B45A-205CC70C7AA2}.Debug|Any CPU.Build.0 = Debug|Any CPU
		{79A520BA-1EF8-4CBE-B45A-205CC70C7AA2}.Release|Any CPU.ActiveCfg = Release|Any CPU
		{79A520BA-1EF8-4CBE-B45A-205CC70C7AA2}.Release|Any CPU.Build.0 = Release|Any CPU
		{2FF70AB9-3822-47D9-968B-EE247260D032}.Debug|Any CPU.ActiveCfg = Debug|Any CPU
		{2FF70AB9-3822-47D9-968B-EE247260D032}.Debug|Any CPU.Build.0 = Debug|Any CPU
		{2FF70AB9-3822-47D9-968B-EE247260D032}.Release|Any CPU.ActiveCfg = Release|Any CPU
		{2FF70AB9-3822-47D9-968B-EE247260D032}.Release|Any CPU.Build.0 = Release|Any CPU
	EndGlobalSection
	GlobalSection(SolutionProperties) = preSolution
		HideSolutionNode = FALSE
	EndGlobalSection
	GlobalSection(ExtensibilityGlobals) = postSolution
		SolutionGuid = {05CBC52D-783B-43DD-AFFA-4DAA8362D057}
	EndGlobalSection
EndGlobal
